
Microsoft Visual Studio Solution File, Format Version 12.00
# Visual Studio Version 17
VisualStudioVersion = 17.9.34607.119
MinimumVisualStudioVersion = 10.0.40219.1
Project("{FAE04EC0-301F-11D3-BF4B-00C04F79EFBC}") = "calculator-cmd", "calculator-cmd\calculator-cmd.csproj", "{92478B69-99B7-4074-ADEC-A42299358488}"
EndProject
Global
	GlobalSection(SolutionConfigurationPlatforms) = preSolution
		Debug|Any CPU = Debug|Any CPU
		Release|Any CPU = Release|Any CPU
	EndGlobalSection
	GlobalSection(ProjectConfigurationPlatforms) = postSolution
		{92478B69-99B7-4074-ADEC-A42299358488}.Debug|Any CPU.ActiveCfg = Debug|Any CPU
		{92478B69-99B7-4074-ADEC-A42299358488}.Debug|Any CPU.Build.0 = Debug|Any CPU
		{92478B69-99B7-4074-ADEC-A42299358488}.Release|Any CPU.ActiveCfg = Release|Any CPU
		{92478B69-99B7-4074-ADEC-A42299358488}.Release|Any CPU.Build.0 = Release|Any CPU
	EndGlobalSection
	GlobalSection(SolutionProperties) = preSolution
		HideSolutionNode = FALSE
	EndGlobalSection
	GlobalSection(ExtensibilityGlobals) = postSolution
		SolutionGuid = {33D02D22-B9A6-47E4-AD0E-F9A74EEBD19C}
	EndGlobalSection
EndGlobal
